
Microsoft Visual Studio Solution File, Format Version 12.00
# Visual Studio 15
VisualStudioVersion = 15.0.27428.2027
MinimumVisualStudioVersion = 10.0.40219.1
Project("{FAE04EC0-301F-11D3-BF4B-00C04F79EFBC}") = "SortingLists", "SortingLists\SortingLists.csproj", "{09170A1C-C8E7-4389-9AE6-8A7A70531B66}"
EndProject
Global
	GlobalSection(SolutionConfigurationPlatforms) = preSolution
		Debug|Any CPU = Debug|Any CPU
		Release|Any CPU = Release|Any CPU
	EndGlobalSection
	GlobalSection(ProjectConfigurationPlatforms) = postSolution
		{09170A1C-C8E7-4389-9AE6-8A7A70531B66}.Debug|Any CPU.ActiveCfg = Debug|Any CPU
		{09170A1C-C8E7-4389-9AE6-8A7A70531B66}.Debug|Any CPU.Build.0 = Debug|Any CPU
		{09170A1C-C8E7-4389-9AE6-8A7A70531B66}.Release|Any CPU.ActiveCfg = Release|Any CPU
		{09170A1C-C8E7-4389-9AE6-8A7A70531B66}.Release|Any CPU.Build.0 = Release|Any CPU
	EndGlobalSection
	GlobalSection(SolutionProperties) = preSolution
		HideSolutionNode = FALSE
	EndGlobalSection
	GlobalSection(ExtensibilityGlobals) = postSolution
		SolutionGuid = {680BF20F-F8A9-4831-BFBB-6D8BC02EEF87}
	EndGlobalSection
EndGlobal
